// !$*UTF8*$!
{
	archiveVersion = 1;
	classes = {
	};
	objectVersion = 50;
	objects = {

/* Begin PBXBuildFile section */
		1F69004C2617139900C851C0 /* FructusApp.swift in Sources */ = {isa = PBXBuildFile; fileRef = 1F69004B2617139900C851C0 /* FructusApp.swift */; };
		1F69004E2617139900C851C0 /* ContentView.swift in Sources */ = {isa = PBXBuildFile; fileRef = 1F69004D2617139900C851C0 /* ContentView.swift */; };
		1F6900502617139B00C851C0 /* Assets.xcassets in Resources */ = {isa = PBXBuildFile; fileRef = 1F69004F2617139B00C851C0 /* Assets.xcassets */; };
		1F6900532617139B00C851C0 /* Preview Assets.xcassets in Resources */ = {isa = PBXBuildFile; fileRef = 1F6900522617139B00C851C0 /* Preview Assets.xcassets */; };
		1F6900602617175B00C851C0 /* FruitCardView.swift in Sources */ = {isa = PBXBuildFile; fileRef = 1F69005F2617175B00C851C0 /* FruitCardView.swift */; };
		1F69006426171B6E00C851C0 /* StartButtonView.swift in Sources */ = {isa = PBXBuildFile; fileRef = 1F69006326171B6E00C851C0 /* StartButtonView.swift */; };
		1F69006726171ED900C851C0 /* OnboardingView.swift in Sources */ = {isa = PBXBuildFile; fileRef = 1F69006626171ED900C851C0 /* OnboardingView.swift */; };
		1F69006B2617211B00C851C0 /* FruitModel.swift in Sources */ = {isa = PBXBuildFile; fileRef = 1F69006A2617211B00C851C0 /* FruitModel.swift */; };
		1F69006F261721FD00C851C0 /* FruitData.swift in Sources */ = {isa = PBXBuildFile; fileRef = 1F69006E261721FD00C851C0 /* FruitData.swift */; };
		1F690073261728EF00C851C0 /* FruitRowView.swift in Sources */ = {isa = PBXBuildFile; fileRef = 1F690072261728EF00C851C0 /* FruitRowView.swift */; };
		1F6900762617693200C851C0 /* FruitDetailView.swift in Sources */ = {isa = PBXBuildFile; fileRef = 1F6900752617693200C851C0 /* FruitDetailView.swift */; };
		1F69007926176C9800C851C0 /* FruitHeaderView.swift in Sources */ = {isa = PBXBuildFile; fileRef = 1F69007826176C9800C851C0 /* FruitHeaderView.swift */; };
		1F69007C26176EBD00C851C0 /* SourceLinkView.swift in Sources */ = {isa = PBXBuildFile; fileRef = 1F69007B26176EBD00C851C0 /* SourceLinkView.swift */; };
		1F69007F2618491900C851C0 /* FruitNutrientsView.swift in Sources */ = {isa = PBXBuildFile; fileRef = 1F69007E2618491900C851C0 /* FruitNutrientsView.swift */; };
		1F69008226184D1200C851C0 /* SettingsView.swift in Sources */ = {isa = PBXBuildFile; fileRef = 1F69008126184D1200C851C0 /* SettingsView.swift */; };
		1F6900852618658B00C851C0 /* SettingsLabelView.swift in Sources */ = {isa = PBXBuildFile; fileRef = 1F6900842618658B00C851C0 /* SettingsLabelView.swift */; };
		1F690088261868F000C851C0 /* SettingsRowView.swift in Sources */ = {isa = PBXBuildFile; fileRef = 1F690087261868F000C851C0 /* SettingsRowView.swift */; };
/* End PBXBuildFile section */

/* Begin PBXFileReference section */
		1F6900482617139900C851C0 /* Fructus.app */ = {isa = PBXFileReference; explicitFileType = wrapper.application; includeInIndex = 0; path = Fructus.app; sourceTree = BUILT_PRODUCTS_DIR; };
		1F69004B2617139900C851C0 /* FructusApp.swift */ = {isa = PBXFileReference; lastKnownFileType = sourcecode.swift; path = FructusApp.swift; sourceTree = "<group>"; };
		1F69004D2617139900C851C0 /* ContentView.swift */ = {isa = PBXFileReference; lastKnownFileType = sourcecode.swift; path = ContentView.swift; sourceTree = "<group>"; };
		1F69004F2617139B00C851C0 /* Assets.xcassets */ = {isa = PBXFileReference; lastKnownFileType = folder.assetcatalog; path = Assets.xcassets; sourceTree = "<group>"; };
		1F6900522617139B00C851C0 /* Preview Assets.xcassets */ = {isa = PBXFileReference; lastKnownFileType = folder.assetcatalog; path = "Preview Assets.xcassets"; sourceTree = "<group>"; };
		1F6900542617139B00C851C0 /* Info.plist */ = {isa = PBXFileReference; lastKnownFileType = text.plist.xml; path = Info.plist; sourceTree = "<group>"; };
		1F69005F2617175B00C851C0 /* FruitCardView.swift */ = {isa = PBXFileReference; lastKnownFileType = sourcecode.swift; path = FruitCardView.swift; sourceTree = "<group>"; };
		1F69006326171B6E00C851C0 /* StartButtonView.swift */ = {isa = PBXFileReference; lastKnownFileType = sourcecode.swift; path = StartButtonView.swift; sourceTree = "<group>"; };
		1F69006626171ED900C851C0 /* OnboardingView.swift */ = {isa = PBXFileReference; lastKnownFileType = sourcecode.swift; path = OnboardingView.swift; sourceTree = "<group>"; };
		1F69006A2617211B00C851C0 /* FruitModel.swift */ = {isa = PBXFileReference; lastKnownFileType = sourcecode.swift; path = FruitModel.swift; sourceTree = "<group>"; };
		1F69006E261721FD00C851C0 /* FruitData.swift */ = {isa = PBXFileReference; lastKnownFileType = sourcecode.swift; path = FruitData.swift; sourceTree = "<group>"; };
		1F690072261728EF00C851C0 /* FruitRowView.swift */ = {isa = PBXFileReference; lastKnownFileType = sourcecode.swift; path = FruitRowView.swift; sourceTree = "<group>"; };
		1F6900752617693200C851C0 /* FruitDetailView.swift */ = {isa = PBXFileReference; lastKnownFileType = sourcecode.swift; path = FruitDetailView.swift; sourceTree = "<group>"; };
		1F69007826176C9800C851C0 /* FruitHeaderView.swift */ = {isa = PBXFileReference; lastKnownFileType = sourcecode.swift; path = FruitHeaderView.swift; sourceTree = "<group>"; };
		1F69007B26176EBD00C851C0 /* SourceLinkView.swift */ = {isa = PBXFileReference; lastKnownFileType = sourcecode.swift; path = SourceLinkView.swift; sourceTree = "<group>"; };
		1F69007E2618491900C851C0 /* FruitNutrientsView.swift */ = {isa = PBXFileReference; lastKnownFileType = sourcecode.swift; path = FruitNutrientsView.swift; sourceTree = "<group>"; };
		1F69008126184D1200C851C0 /* SettingsView.swift */ = {isa = PBXFileReference; lastKnownFileType = sourcecode.swift; path = SettingsView.swift; sourceTree = "<group>"; };
		1F6900842618658B00C851C0 /* SettingsLabelView.swift */ = {isa = PBXFileReference; lastKnownFileType = sourcecode.swift; path = SettingsLabelView.swift; sourceTree = "<group>"; };
		1F690087261868F000C851C0 /* SettingsRowView.swift */ = {isa = PBXFileReference; lastKnownFileType = sourcecode.swift; path = SettingsRowView.swift; sourceTree = "<group>"; };
/* End PBXFileReference section */

/* Begin PBXFrameworksBuildPhase section */
		1F6900452617139900C851C0 /* Frameworks */ = {
			isa = PBXFrameworksBuildPhase;
			buildActionMask = 2147483647;
			files = (
			);
			runOnlyForDeploymentPostprocessing = 0;
		};
/* End PBXFrameworksBuildPhase section */

/* Begin PBXGroup section */
		1F69003F2617139900C851C0 = {
			isa = PBXGroup;
			children = (
				1F69004A2617139900C851C0 /* Fructus */,
				1F6900492617139900C851C0 /* Products */,
			);
			sourceTree = "<group>";
		};
		1F6900492617139900C851C0 /* Products */ = {
			isa = PBXGroup;
			children = (
				1F6900482617139900C851C0 /* Fructus.app */,
			);
			name = Products;
			sourceTree = "<group>";
		};
		1F69004A2617139900C851C0 /* Fructus */ = {
			isa = PBXGroup;
			children = (
				1F69006D261721E800C851C0 /* Data */,
				1F6900692617210200C851C0 /* Model */,
				1F69005E2617172C00C851C0 /* View */,
				1F69005C2617170300C851C0 /* App */,
				1F69004F2617139B00C851C0 /* Assets.xcassets */,
				1F6900542617139B00C851C0 /* Info.plist */,
				1F6900512617139B00C851C0 /* Preview Content */,
			);
			path = Fructus;
			sourceTree = "<group>";
		};
		1F6900512617139B00C851C0 /* Preview Content */ = {
			isa = PBXGroup;
			children = (
				1F6900522617139B00C851C0 /* Preview Assets.xcassets */,
			);
			path = "Preview Content";
			sourceTree = "<group>";
		};
		1F69005C2617170300C851C0 /* App */ = {
			isa = PBXGroup;
			children = (
				1F69004B2617139900C851C0 /* FructusApp.swift */,
				1F69004D2617139900C851C0 /* ContentView.swift */,
				1F69006626171ED900C851C0 /* OnboardingView.swift */,
				1F6900752617693200C851C0 /* FruitDetailView.swift */,
				1F69008126184D1200C851C0 /* SettingsView.swift */,
			);
			path = App;
			sourceTree = "<group>";
		};
		1F69005E2617172C00C851C0 /* View */ = {
			isa = PBXGroup;
			children = (
				1F69005F2617175B00C851C0 /* FruitCardView.swift */,
				1F69006326171B6E00C851C0 /* StartButtonView.swift */,
				1F690072261728EF00C851C0 /* FruitRowView.swift */,
				1F69007826176C9800C851C0 /* FruitHeaderView.swift */,
				1F69007B26176EBD00C851C0 /* SourceLinkView.swift */,
				1F69007E2618491900C851C0 /* FruitNutrientsView.swift */,
				1F6900842618658B00C851C0 /* SettingsLabelView.swift */,
				1F690087261868F000C851C0 /* SettingsRowView.swift */,
			);
			path = View;
			sourceTree = "<group>";
		};
		1F6900692617210200C851C0 /* Model */ = {
			isa = PBXGroup;
			children = (
				1F69006A2617211B00C851C0 /* FruitModel.swift */,
			);
			path = Model;
			sourceTree = "<group>";
		};
		1F69006D261721E800C851C0 /* Data */ = {
			isa = PBXGroup;
			children = (
				1F69006E261721FD00C851C0 /* FruitData.swift */,
			);
			path = Data;
			sourceTree = "<group>";
		};
/* End PBXGroup section */

/* Begin PBXNativeTarget section */
		1F6900472617139900C851C0 /* Fructus */ = {
			isa = PBXNativeTarget;
			buildConfigurationList = 1F6900572617139B00C851C0 /* Build configuration list for PBXNativeTarget "Fructus" */;
			buildPhases = (
				1F6900442617139900C851C0 /* Sources */,
				1F6900452617139900C851C0 /* Frameworks */,
				1F6900462617139900C851C0 /* Resources */,
			);
			buildRules = (
			);
			dependencies = (
			);
			name = Fructus;
			productName = Fructus;
			productReference = 1F6900482617139900C851C0 /* Fructus.app */;
			productType = "com.apple.product-type.application";
		};
/* End PBXNativeTarget section */

/* Begin PBXProject section */
		1F6900402617139900C851C0 /* Project object */ = {
			isa = PBXProject;
			attributes = {
				LastSwiftUpdateCheck = 1240;
				LastUpgradeCheck = 1240;
				TargetAttributes = {
					1F6900472617139900C851C0 = {
						CreatedOnToolsVersion = 12.4;
					};
				};
			};
			buildConfigurationList = 1F6900432617139900C851C0 /* Build configuration list for PBXProject "Fructus" */;
			compatibilityVersion = "Xcode 9.3";
			developmentRegion = en;
			hasScannedForEncodings = 0;
			knownRegions = (
				en,
				Base,
			);
			mainGroup = 1F69003F2617139900C851C0;
			productRefGroup = 1F6900492617139900C851C0 /* Products */;
			projectDirPath = "";
			projectRoot = "";
			targets = (
				1F6900472617139900C851C0 /* Fructus */,
			);
		};
/* End PBXProject section */

/* Begin PBXResourcesBuildPhase section */
		1F6900462617139900C851C0 /* Resources */ = {
			isa = PBXResourcesBuildPhase;
			buildActionMask = 2147483647;
			files = (
				1F6900532617139B00C851C0 /* Preview Assets.xcassets in Resources */,
				1F6900502617139B00C851C0 /* Assets.xcassets in Resources */,
			);
			runOnlyForDeploymentPostprocessing = 0;
		};
/* End PBXResourcesBuildPhase section */

/* Begin PBXSourcesBuildPhase section */
		1F6900442617139900C851C0 /* Sources */ = {
			isa = PBXSourcesBuildPhase;
			buildActionMask = 2147483647;
			files = (
				1F69006F261721FD00C851C0 /* FruitData.swift in Sources */,
				1F69007C26176EBD00C851C0 /* SourceLinkView.swift in Sources */,
				1F690088261868F000C851C0 /* SettingsRowView.swift in Sources */,
				1F6900602617175B00C851C0 /* FruitCardView.swift in Sources */,
				1F690073261728EF00C851C0 /* FruitRowView.swift in Sources */,
				1F69007F2618491900C851C0 /* FruitNutrientsView.swift in Sources */,
				1F69006426171B6E00C851C0 /* StartButtonView.swift in Sources */,
				1F6900762617693200C851C0 /* FruitDetailView.swift in Sources */,
				1F69004E2617139900C851C0 /* ContentView.swift in Sources */,
				1F69007926176C9800C851C0 /* FruitHeaderView.swift in Sources */,
				1F69006726171ED900C851C0 /* OnboardingView.swift in Sources */,
				1F6900852618658B00C851C0 /* SettingsLabelView.swift in Sources */,
				1F69006B2617211B00C851C0 /* FruitModel.swift in Sources */,
				1F69004C2617139900C851C0 /* FructusApp.swift in Sources */,
				1F69008226184D1200C851C0 /* SettingsView.swift in Sources */,
			);
			runOnlyForDeploymentPostprocessing = 0;
		};
/* End PBXSourcesBuildPhase section */

/* Begin XCBuildConfiguration section */
		1F6900552617139B00C851C0 /* Debug */ = {
			isa = XCBuildConfiguration;
			buildSettings = {
				ALWAYS_SEARCH_USER_PATHS = NO;
				CLANG_ANALYZER_NONNULL = YES;
				CLANG_ANALYZER_NUMBER_OBJECT_CONVERSION = YES_AGGRESSIVE;
				CLANG_CXX_LANGUAGE_STANDARD = "gnu++14";
				CLANG_CXX_LIBRARY = "libc++";
				CLANG_ENABLE_MODULES = YES;
				CLANG_ENABLE_OBJC_ARC = YES;
				CLANG_ENABLE_OBJC_WEAK = YES;
				CLANG_WARN_BLOCK_CAPTURE_AUTORELEASING = YES;
				CLANG_WARN_BOOL_CONVERSION = YES;
				CLANG_WARN_COMMA = YES;
				CLANG_WARN_CONSTANT_CONVERSION = YES;
				CLANG_WARN_DEPRECATED_OBJC_IMPLEMENTATIONS = YES;
				CLANG_WARN_DIRECT_OBJC_ISA_USAGE = YES_ERROR;
				CLANG_WARN_DOCUMENTATION_COMMENTS = YES;
				CLANG_WARN_EMPTY_BODY = YES;
				CLANG_WARN_ENUM_CONVERSION = YES;
				CLANG_WARN_INFINITE_RECURSION = YES;
				CLANG_WARN_INT_CONVERSION = YES;
				CLANG_WARN_NON_LITERAL_NULL_CONVERSION = YES;
				CLANG_WARN_OBJC_IMPLICIT_RETAIN_SELF = YES;
				CLANG_WARN_OBJC_LITERAL_CONVERSION = YES;
				CLANG_WARN_OBJC_ROOT_CLASS = YES_ERROR;
				CLANG_WARN_QUOTED_INCLUDE_IN_FRAMEWORK_HEADER = YES;
				CLANG_WARN_RANGE_LOOP_ANALYSIS = YES;
				CLANG_WARN_STRICT_PROTOTYPES = YES;
				CLANG_WARN_SUSPICIOUS_MOVE = YES;
				CLANG_WARN_UNGUARDED_AVAILABILITY = YES_AGGRESSIVE;
				CLANG_WARN_UNREACHABLE_CODE = YES;
				CLANG_WARN__DUPLICATE_METHOD_MATCH = YES;
				COPY_PHASE_STRIP = NO;
				DEBUG_INFORMATION_FORMAT = dwarf;
				ENABLE_STRICT_OBJC_MSGSEND = YES;
				ENABLE_TESTABILITY = YES;
				GCC_C_LANGUAGE_STANDARD = gnu11;
				GCC_DYNAMIC_NO_PIC = NO;
				GCC_NO_COMMON_BLOCKS = YES;
				GCC_OPTIMIZATION_LEVEL = 0;
				GCC_PREPROCESSOR_DEFINITIONS = (
					"DEBUG=1",
					"$(inherited)",
				);
				GCC_WARN_64_TO_32_BIT_CONVERSION = YES;
				GCC_WARN_ABOUT_RETURN_TYPE = YES_ERROR;
				GCC_WARN_UNDECLARED_SELECTOR = YES;
				GCC_WARN_UNINITIALIZED_AUTOS = YES_AGGRESSIVE;
				GCC_WARN_UNUSED_FUNCTION = YES;
				GCC_WARN_UNUSED_VARIABLE = YES;
				IPHONEOS_DEPLOYMENT_TARGET = 14.4;
				MTL_ENABLE_DEBUG_INFO = INCLUDE_SOURCE;
				MTL_FAST_MATH = YES;
				ONLY_ACTIVE_ARCH = YES;
				SDKROOT = iphoneos;
				SWIFT_ACTIVE_COMPILATION_CONDITIONS = DEBUG;
				SWIFT_OPTIMIZATION_LEVEL = "-Onone";
			};
			name = Debug;
		};
		1F6900562617139B00C851C0 /* Release */ = {
			isa = XCBuildConfiguration;
			buildSettings = {
				ALWAYS_SEARCH_USER_PATHS = NO;
				CLANG_ANALYZER_NONNULL = YES;
				CLANG_ANALYZER_NUMBER_OBJECT_CONVERSION = YES_AGGRESSIVE;
				CLANG_CXX_LANGUAGE_STANDARD = "gnu++14";
				CLANG_CXX_LIBRARY = "libc++";
				CLANG_ENABLE_MODULES = YES;
				CLANG_ENABLE_OBJC_ARC = YES;
				CLANG_ENABLE_OBJC_WEAK = YES;
				CLANG_WARN_BLOCK_CAPTURE_AUTORELEASING = YES;
				CLANG_WARN_BOOL_CONVERSION = YES;
				CLANG_WARN_COMMA = YES;
				CLANG_WARN_CONSTANT_CONVERSION = YES;
				CLANG_WARN_DEPRECATED_OBJC_IMPLEMENTATIONS = YES;
				CLANG_WARN_DIRECT_OBJC_ISA_USAGE = YES_ERROR;
				CLANG_WARN_DOCUMENTATION_COMMENTS = YES;
				CLANG_WARN_EMPTY_BODY = YES;
				CLANG_WARN_ENUM_CONVERSION = YES;
				CLANG_WARN_INFINITE_RECURSION = YES;
				CLANG_WARN_INT_CONVERSION = YES;
				CLANG_WARN_NON_LITERAL_NULL_CONVERSION = YES;
				CLANG_WARN_OBJC_IMPLICIT_RETAIN_SELF = YES;
				CLANG_WARN_OBJC_LITERAL_CONVERSION = YES;
				CLANG_WARN_OBJC_ROOT_CLASS = YES_ERROR;
				CLANG_WARN_QUOTED_INCLUDE_IN_FRAMEWORK_HEADER = YES;
				CLANG_WARN_RANGE_LOOP_ANALYSIS = YES;
				CLANG_WARN_STRICT_PROTOTYPES = YES;
				CLANG_WARN_SUSPICIOUS_MOVE = YES;
				CLANG_WARN_UNGUARDED_AVAILABILITY = YES_AGGRESSIVE;
				CLANG_WARN_UNREACHABLE_CODE = YES;
				CLANG_WARN__DUPLICATE_METHOD_MATCH = YES;
				COPY_PHASE_STRIP = NO;
				DEBUG_INFORMATION_FORMAT = "dwarf-with-dsym";
				ENABLE_NS_ASSERTIONS = NO;
				ENABLE_STRICT_OBJC_MSGSEND = YES;
				GCC_C_LANGUAGE_STANDARD = gnu11;
				GCC_NO_COMMON_BLOCKS = YES;
				GCC_WARN_64_TO_32_BIT_CONVERSION = YES;
				GCC_WARN_ABOUT_RETURN_TYPE = YES_ERROR;
				GCC_WARN_UNDECLARED_SELECTOR = YES;
				GCC_WARN_UNINITIALIZED_AUTOS = YES_AGGRESSIVE;
				GCC_WARN_UNUSED_FUNCTION = YES;
				GCC_WARN_UNUSED_VARIABLE = YES;
				IPHONEOS_DEPLOYMENT_TARGET = 14.4;
				MTL_ENABLE_DEBUG_INFO = NO;
				MTL_FAST_MATH = YES;
				SDKROOT = iphoneos;
				SWIFT_COMPILATION_MODE = wholemodule;
				SWIFT_OPTIMIZATION_LEVEL = "-O";
				VALIDATE_PRODUCT = YES;
			};
			name = Release;
		};
		1F6900582617139B00C851C0 /* Debug */ = {
			isa = XCBuildConfiguration;
			buildSettings = {
				ASSETCATALOG_COMPILER_APPICON_NAME = AppIcon;
				ASSETCATALOG_COMPILER_GLOBAL_ACCENT_COLOR_NAME = AccentColor;
				CODE_SIGN_STYLE = Automatic;
				DEVELOPMENT_ASSET_PATHS = "\"Fructus/Preview Content\"";
				DEVELOPMENT_TEAM = V2ZB4HDP8S;
				ENABLE_PREVIEWS = YES;
				INFOPLIST_FILE = Fructus/Info.plist;
				IPHONEOS_DEPLOYMENT_TARGET = 14.0;
				LD_RUNPATH_SEARCH_PATHS = (
					"$(inherited)",
					"@executable_path/Frameworks",
				);
				PRODUCT_BUNDLE_IDENTIFIER = pl.creativesstudio.Fructus;
				PRODUCT_NAME = "$(TARGET_NAME)";
				SWIFT_VERSION = 5.0;
				TARGETED_DEVICE_FAMILY = "1,2";
			};
			name = Debug;
		};
		1F6900592617139B00C851C0 /* Release */ = {
			isa = XCBuildConfiguration;
			buildSettings = {
				ASSETCATALOG_COMPILER_APPICON_NAME = AppIcon;
				ASSETCATALOG_COMPILER_GLOBAL_ACCENT_COLOR_NAME = AccentColor;
				CODE_SIGN_STYLE = Automatic;
				DEVELOPMENT_ASSET_PATHS = "\"Fructus/Preview Content\"";
				DEVELOPMENT_TEAM = V2ZB4HDP8S;
				ENABLE_PREVIEWS = YES;
				INFOPLIST_FILE = Fructus/Info.plist;
				IPHONEOS_DEPLOYMENT_TARGET = 14.0;
				LD_RUNPATH_SEARCH_PATHS = (
					"$(inherited)",
					"@executable_path/Frameworks",
				);
				PRODUCT_BUNDLE_IDENTIFIER = pl.creativesstudio.Fructus;
				PRODUCT_NAME = "$(TARGET_NAME)";
				SWIFT_VERSION = 5.0;
				TARGETED_DEVICE_FAMILY = "1,2";
			};
			name = Release;
		};
/* End XCBuildConfiguration section */

/* Begin XCConfigurationList section */
		1F6900432617139900C851C0 /* Build configuration list for PBXProject "Fructus" */ = {
			isa = XCConfigurationList;
			buildConfigurations = (
				1F6900552617139B00C851C0 /* Debug */,
				1F6900562617139B00C851C0 /* Release */,
			);
			defaultConfigurationIsVisible = 0;
			defaultConfigurationName = Release;
		};
		1F6900572617139B00C851C0 /* Build configuration list for PBXNativeTarget "Fructus" */ = {
			isa = XCConfigurationList;
			buildConfigurations = (
				1F6900582617139B00C851C0 /* Debug */,
				1F6900592617139B00C851C0 /* Release */,
			);
			defaultConfigurationIsVisible = 0;
			defaultConfigurationName = Release;
		};
/* End XCConfigurationList section */
	};
	rootObject = 1F6900402617139900C851C0 /* Project object */;
}
